{
    "name": "solara-server",
    "version": "1.0.0",
    "lockfileVersion": 3,
    "requires": true,
    "packages": {
        "": {
            "name": "solara-server",
            "version": "1.0.0",
            "license": "ISC",
            "engines": {
                "node": ">=16.0.0",
                "npm": ">=6.0.0"
            }
        }
    }
}
